
Microsoft Visual Studio Solution File, Format Version 12.00
# Visual Studio Version 16
VisualStudioVersion = 16.0.30517.126
MinimumVisualStudioVersion = 10.0.40219.1
Project("{FAE04EC0-301F-11D3-BF4B-00C04F79EFBC}") = "ElvisGratton.Android", "ElvisGratton\ElvisGratton.Android\ElvisGratton.Android.csproj", "{DFDA5797-53E3-41A4-9B28-36F67FF441E0}"
EndProject
Project("{FAE04EC0-301F-11D3-BF4B-00C04F79EFBC}") = "ElvisGratton.iOS", "ElvisGratton\ElvisGratton.iOS\ElvisGratton.iOS.csproj", "{C6274BD9-FF52-4B6C-B68A-0B43E54FF113}"
EndProject
Project("{FAE04EC0-301F-11D3-BF4B-00C04F79EFBC}") = "ElvisGratton", "ElvisGratton\ElvisGratton\ElvisGratton.csproj", "{45BF1589-BB2B-4BA4-8073-BCA5980F1504}"
EndProject
Global
	GlobalSection(SolutionConfigurationPlatforms) = preSolution
		Debug|Any CPU = Debug|Any CPU
		Debug|iPhone = Debug|iPhone
		Debug|iPhoneSimulator = Debug|iPhoneSimulator
		Release|Any CPU = Release|Any CPU
		Release|iPhone = Release|iPhone
		Release|iPhoneSimulator = Release|iPhoneSimulator
	EndGlobalSection
	GlobalSection(ProjectConfigurationPlatforms) = postSolution
		{DFDA5797-53E3-41A4-9B28-36F67FF441E0}.Debug|Any CPU.ActiveCfg = Debug|Any CPU
		{DFDA5797-53E3-41A4-9B28-36F67FF441E0}.Debug|Any CPU.Build.0 = Debug|Any CPU
		{DFDA5797-53E3-41A4-9B28-36F67FF441E0}.Debug|Any CPU.Deploy.0 = Debug|Any CPU
		{DFDA5797-53E3-41A4-9B28-36F67FF441E0}.Debug|iPhone.ActiveCfg = Debug|Any CPU
		{DFDA5797-53E3-41A4-9B28-36F67FF441E0}.Debug|iPhone.Build.0 = Debug|Any CPU
		{DFDA5797-53E3-41A4-9B28-36F67FF441E0}.Debug|iPhone.Deploy.0 = Debug|Any CPU
		{DFDA5797-53E3-41A4-9B28-36F67FF441E0}.Debug|iPhoneSimulator.ActiveCfg = Debug|Any CPU
		{DFDA5797-53E3-41A4-9B28-36F67FF441E0}.Debug|iPhoneSimulator.Build.0 = Debug|Any CPU
		{DFDA5797-53E3-41A4-9B28-36F67FF441E0}.Debug|iPhoneSimulator.Deploy.0 = Debug|Any CPU
		{DFDA5797-53E3-41A4-9B28-36F67FF441E0}.Release|Any CPU.ActiveCfg = Release|Any CPU
		{DFDA5797-53E3-41A4-9B28-36F67FF441E0}.Release|Any CPU.Build.0 = Release|Any CPU
		{DFDA5797-53E3-41A4-9B28-36F67FF441E0}.Release|Any CPU.Deploy.0 = Release|Any CPU
		{DFDA5797-53E3-41A4-9B28-36F67FF441E0}.Release|iPhone.ActiveCfg = Release|Any CPU
		{DFDA5797-53E3-41A4-9B28-36F67FF441E0}.Release|iPhone.Build.0 = Release|Any CPU
		{DFDA5797-53E3-41A4-9B28-36F67FF441E0}.Release|iPhone.Deploy.0 = Release|Any CPU
		{DFDA5797-53E3-41A4-9B28-36F67FF441E0}.Release|iPhoneSimulator.ActiveCfg = Release|Any CPU
		{DFDA5797-53E3-41A4-9B28-36F67FF441E0}.Release|iPhoneSimulator.Build.0 = Release|Any CPU
		{DFDA5797-53E3-41A4-9B28-36F67FF441E0}.Release|iPhoneSimulator.Deploy.0 = Release|Any CPU
		{C6274BD9-FF52-4B6C-B68A-0B43E54FF113}.Debug|Any CPU.ActiveCfg = Debug|iPhone
		{C6274BD9-FF52-4B6C-B68A-0B43E54FF113}.Debug|Any CPU.Build.0 = Debug|iPhone
		{C6274BD9-FF52-4B6C-B68A-0B43E54FF113}.Debug|Any CPU.Deploy.0 = Debug|iPhone
		{C6274BD9-FF52-4B6C-B68A-0B43E54FF113}.Debug|iPhone.ActiveCfg = Debug|iPhone
		{C6274BD9-FF52-4B6C-B68A-0B43E54FF113}.Debug|iPhone.Build.0 = Debug|iPhone
		{C6274BD9-FF52-4B6C-B68A-0B43E54FF113}.Debug|iPhone.Deploy.0 = Debug|iPhone
		{C6274BD9-FF52-4B6C-B68A-0B43E54FF113}.Debug|iPhoneSimulator.ActiveCfg = Debug|iPhoneSimulator
		{C6274BD9-FF52-4B6C-B68A-0B43E54FF113}.Debug|iPhoneSimulator.Build.0 = Debug|iPhoneSimulator
		{C6274BD9-FF52-4B6C-B68A-0B43E54FF113}.Debug|iPhoneSimulator.Deploy.0 = Debug|iPhoneSimulator
		{C6274BD9-FF52-4B6C-B68A-0B43E54FF113}.Release|Any CPU.ActiveCfg = Release|iPhoneSimulator
		{C6274BD9-FF52-4B6C-B68A-0B43E54FF113}.Release|Any CPU.Build.0 = Release|iPhoneSimulator
		{C6274BD9-FF52-4B6C-B68A-0B43E54FF113}.Release|Any CPU.Deploy.0 = Release|iPhoneSimulator
		{C6274BD9-FF52-4B6C-B68A-0B43E54FF113}.Release|iPhone.ActiveCfg = Release|iPhone
		{C6274BD9-FF52-4B6C-B68A-0B43E54FF113}.Release|iPhone.Build.0 = Release|iPhone
		{C6274BD9-FF52-4B6C-B68A-0B43E54FF113}.Release|iPhone.Deploy.0 = Release|iPhone
		{C6274BD9-FF52-4B6C-B68A-0B43E54FF113}.Release|iPhoneSimulator.ActiveCfg = Release|iPhoneSimulator
		{C6274BD9-FF52-4B6C-B68A-0B43E54FF113}.Release|iPhoneSimulator.Build.0 = Release|iPhoneSimulator
		{C6274BD9-FF52-4B6C-B68A-0B43E54FF113}.Release|iPhoneSimulator.Deploy.0 = Release|iPhoneSimulator
		{45BF1589-BB2B-4BA4-8073-BCA5980F1504}.Debug|Any CPU.ActiveCfg = Debug|Any CPU
		{45BF1589-BB2B-4BA4-8073-BCA5980F1504}.Debug|Any CPU.Build.0 = Debug|Any CPU
		{45BF1589-BB2B-4BA4-8073-BCA5980F1504}.Debug|Any CPU.Deploy.0 = Debug|Any CPU
		{45BF1589-BB2B-4BA4-8073-BCA5980F1504}.Debug|iPhone.ActiveCfg = Debug|Any CPU
		{45BF1589-BB2B-4BA4-8073-BCA5980F1504}.Debug|iPhone.Build.0 = Debug|Any CPU
		{45BF1589-BB2B-4BA4-8073-BCA5980F1504}.Debug|iPhone.Deploy.0 = Debug|Any CPU
		{45BF1589-BB2B-4BA4-8073-BCA5980F1504}.Debug|iPhoneSimulator.ActiveCfg = Debug|Any CPU
		{45BF1589-BB2B-4BA4-8073-BCA5980F1504}.Debug|iPhoneSimulator.Build.0 = Debug|Any CPU
		{45BF1589-BB2B-4BA4-8073-BCA5980F1504}.Debug|iPhoneSimulator.Deploy.0 = Debug|Any CPU
		{45BF1589-BB2B-4BA4-8073-BCA5980F1504}.Release|Any CPU.ActiveCfg = Release|Any CPU
		{45BF1589-BB2B-4BA4-8073-BCA5980F1504}.Release|Any CPU.Build.0 = Release|Any CPU
		{45BF1589-BB2B-4BA4-8073-BCA5980F1504}.Release|Any CPU.Deploy.0 = Release|Any CPU
		{45BF1589-BB2B-4BA4-8073-BCA5980F1504}.Release|iPhone.ActiveCfg = Release|Any CPU
		{45BF1589-BB2B-4BA4-8073-BCA5980F1504}.Release|iPhone.Build.0 = Release|Any CPU
		{45BF1589-BB2B-4BA4-8073-BCA5980F1504}.Release|iPhone.Deploy.0 = Release|Any CPU
		{45BF1589-BB2B-4BA4-8073-BCA5980F1504}.Release|iPhoneSimulator.ActiveCfg = Release|Any CPU
		{45BF1589-BB2B-4BA4-8073-BCA5980F1504}.Release|iPhoneSimulator.Build.0 = Release|Any CPU
		{45BF1589-BB2B-4BA4-8073-BCA5980F1504}.Release|iPhoneSimulator.Deploy.0 = Release|Any CPU
	EndGlobalSection
	GlobalSection(SolutionProperties) = preSolution
		HideSolutionNode = FALSE
	EndGlobalSection
	GlobalSection(ExtensibilityGlobals) = postSolution
		SolutionGuid = {ED8B64E5-F245-4636-A856-D5E5FF9208C4}
	EndGlobalSection
EndGlobal
